// !$*UTF8*$!
{
	archiveVersion = 1;
	classes = {
	};
	objectVersion = 50;
	objects = {

/* Begin PBXBuildFile section */
		C32D93FA21068BAD0016114F /* StringSizeExtension.swift in Sources */ = {isa = PBXBuildFile; fileRef = C32D93F921068BAD0016114F /* StringSizeExtension.swift */; };
		C32D93FD210690CC0016114F /* TLLessonTableViewCell.swift in Sources */ = {isa = PBXBuildFile; fileRef = C32D93FC210690CC0016114F /* TLLessonTableViewCell.swift */; };
		C32D93FF210693680016114F /* WeekConstructorService.swift in Sources */ = {isa = PBXBuildFile; fileRef = C32D93FE210693680016114F /* WeekConstructorService.swift */; };
		C33DD5F621331A0500117FD6 /* main.pb.swift in Sources */ = {isa = PBXBuildFile; fileRef = C33DD5F521331A0500117FD6 /* main.pb.swift */; };
		C34249362155CEDC00017684 /* TLRenderer.swift in Sources */ = {isa = PBXBuildFile; fileRef = C34249352155CEDC00017684 /* TLRenderer.swift */; };
		C34249382155D12B00017684 /* TLGesturer.swift in Sources */ = {isa = PBXBuildFile; fileRef = C34249372155D12B00017684 /* TLGesturer.swift */; };
		C342493A2155D1CE00017684 /* TLReloader.swift in Sources */ = {isa = PBXBuildFile; fileRef = C34249392155D1CE00017684 /* TLReloader.swift */; };
		C35B25332103F95F00FBEF53 /* AppDelegate.swift in Sources */ = {isa = PBXBuildFile; fileRef = C35B25322103F95F00FBEF53 /* AppDelegate.swift */; };
		C35B25382103F95F00FBEF53 /* Main.storyboard in Resources */ = {isa = PBXBuildFile; fileRef = C35B25362103F95F00FBEF53 /* Main.storyboard */; };
		C35B253D2103F96000FBEF53 /* Assets.xcassets in Resources */ = {isa = PBXBuildFile; fileRef = C35B253C2103F96000FBEF53 /* Assets.xcassets */; };
		C35B25402103F96000FBEF53 /* LaunchScreen.storyboard in Resources */ = {isa = PBXBuildFile; fileRef = C35B253E2103F96000FBEF53 /* LaunchScreen.storyboard */; };
		C35B254B2103F96000FBEF53 /* KSURTests.swift in Sources */ = {isa = PBXBuildFile; fileRef = C35B254A2103F96000FBEF53 /* KSURTests.swift */; };
		C35B25562103F96000FBEF53 /* KSURUITests.swift in Sources */ = {isa = PBXBuildFile; fileRef = C35B25552103F96000FBEF53 /* KSURUITests.swift */; };
		C35B25642103FDAE00FBEF53 /* TLViewController.swift in Sources */ = {isa = PBXBuildFile; fileRef = C35B25632103FDAE00FBEF53 /* TLViewController.swift */; };
		C35B25662103FE0300FBEF53 /* TLConfigurator.swift in Sources */ = {isa = PBXBuildFile; fileRef = C35B25652103FE0300FBEF53 /* TLConfigurator.swift */; };
		C35B25692103FF1300FBEF53 /* TLPresenter.swift in Sources */ = {isa = PBXBuildFile; fileRef = C35B25682103FF1300FBEF53 /* TLPresenter.swift */; };
		C38765BC210F447300987C25 /* TLTableView.swift in Sources */ = {isa = PBXBuildFile; fileRef = C38765BB210F447300987C25 /* TLTableView.swift */; };
		C38765BE210F44BE00987C25 /* TLCollectionView.swift in Sources */ = {isa = PBXBuildFile; fileRef = C38765BD210F44BE00987C25 /* TLCollectionView.swift */; };
		C39B330D2107360F0008370E /* Day.swift in Sources */ = {isa = PBXBuildFile; fileRef = C39B330C2107360F0008370E /* Day.swift */; };
		C39B330F2107399C0008370E /* DayConstructorService.swift in Sources */ = {isa = PBXBuildFile; fileRef = C39B330E2107399C0008370E /* DayConstructorService.swift */; };
		C39B331121073A290008370E /* Lesson.swift in Sources */ = {isa = PBXBuildFile; fileRef = C39B331021073A290008370E /* Lesson.swift */; };
		C39B331321073AB30008370E /* TLDayCollectionViewCell.swift in Sources */ = {isa = PBXBuildFile; fileRef = C39B331221073AB30008370E /* TLDayCollectionViewCell.swift */; };
		C3A15EF62113AAAD0056C8BB /* TLView.swift in Sources */ = {isa = PBXBuildFile; fileRef = C3A15EF52113AAAD0056C8BB /* TLView.swift */; };
		C3CEE448211911CA00CF6846 /* SwiftProtobuf.framework in Frameworks */ = {isa = PBXBuildFile; fileRef = C3CEE447211911CA00CF6846 /* SwiftProtobuf.framework */; };
		C3CEE44B211912F900CF6846 /* APIService.swift in Sources */ = {isa = PBXBuildFile; fileRef = C3CEE44A211912F900CF6846 /* APIService.swift */; };
		C3CEE44F21191DC000CF6846 /* DeserializerService.swift in Sources */ = {isa = PBXBuildFile; fileRef = C3CEE44E21191DC000CF6846 /* DeserializerService.swift */; };
		C3CFC3C82104015300A999A4 /* TLRouter.swift in Sources */ = {isa = PBXBuildFile; fileRef = C3CFC3C72104015300A999A4 /* TLRouter.swift */; };
		C3CFC3CA2104021100A999A4 /* TLInteractor.swift in Sources */ = {isa = PBXBuildFile; fileRef = C3CFC3C92104021100A999A4 /* TLInteractor.swift */; };
		C3DFCAFC210A040800EAA5AF /* RenderedImageTableViewExtension.swift in Sources */ = {isa = PBXBuildFile; fileRef = C3DFCAFB210A040800EAA5AF /* RenderedImageTableViewExtension.swift */; };
/* End PBXBuildFile section */

/* Begin PBXContainerItemProxy section */
		C35B25472103F96000FBEF53 /* PBXContainerItemProxy */ = {
			isa = PBXContainerItemProxy;
			containerPortal = C35B25272103F95F00FBEF53 /* Project object */;
			proxyType = 1;
			remoteGlobalIDString = C35B252E2103F95F00FBEF53;
			remoteInfo = KSUR;
		};
		C35B25522103F96000FBEF53 /* PBXContainerItemProxy */ = {
			isa = PBXContainerItemProxy;
			containerPortal = C35B25272103F95F00FBEF53 /* Project object */;
			proxyType = 1;
			remoteGlobalIDString = C35B252E2103F95F00FBEF53;
			remoteInfo = KSUR;
		};
/* End PBXContainerItemProxy section */

/* Begin PBXFileReference section */
		C32D93F921068BAD0016114F /* StringSizeExtension.swift */ = {isa = PBXFileReference; lastKnownFileType = sourcecode.swift; path = StringSizeExtension.swift; sourceTree = "<group>"; };
		C32D93FC210690CC0016114F /* TLLessonTableViewCell.swift */ = {isa = PBXFileReference; lastKnownFileType = sourcecode.swift; path = TLLessonTableViewCell.swift; sourceTree = "<group>"; };
		C32D93FE210693680016114F /* WeekConstructorService.swift */ = {isa = PBXFileReference; lastKnownFileType = sourcecode.swift; path = WeekConstructorService.swift; sourceTree = "<group>"; };
		C33DD5F521331A0500117FD6 /* main.pb.swift */ = {isa = PBXFileReference; fileEncoding = 4; lastKnownFileType = sourcecode.swift; name = main.pb.swift; path = Proto/main.pb.swift; sourceTree = SOURCE_ROOT; };
		C34249352155CEDC00017684 /* TLRenderer.swift */ = {isa = PBXFileReference; lastKnownFileType = sourcecode.swift; path = TLRenderer.swift; sourceTree = "<group>"; };
		C34249372155D12B00017684 /* TLGesturer.swift */ = {isa = PBXFileReference; lastKnownFileType = sourcecode.swift; path = TLGesturer.swift; sourceTree = "<group>"; };
		C34249392155D1CE00017684 /* TLReloader.swift */ = {isa = PBXFileReference; lastKnownFileType = sourcecode.swift; path = TLReloader.swift; sourceTree = "<group>"; };
		C35B252F2103F95F00FBEF53 /* KSUR.app */ = {isa = PBXFileReference; explicitFileType = wrapper.application; includeInIndex = 0; path = KSUR.app; sourceTree = BUILT_PRODUCTS_DIR; };
		C35B25322103F95F00FBEF53 /* AppDelegate.swift */ = {isa = PBXFileReference; lastKnownFileType = sourcecode.swift; path = AppDelegate.swift; sourceTree = "<group>"; };
		C35B25372103F95F00FBEF53 /* Base */ = {isa = PBXFileReference; lastKnownFileType = file.storyboard; name = Base; path = Base.lproj/Main.storyboard; sourceTree = "<group>"; };
		C35B253C2103F96000FBEF53 /* Assets.xcassets */ = {isa = PBXFileReference; lastKnownFileType = folder.assetcatalog; path = Assets.xcassets; sourceTree = "<group>"; };
		C35B253F2103F96000FBEF53 /* Base */ = {isa = PBXFileReference; lastKnownFileType = file.storyboard; name = Base; path = Base.lproj/LaunchScreen.storyboard; sourceTree = "<group>"; };
		C35B25412103F96000FBEF53 /* Info.plist */ = {isa = PBXFileReference; lastKnownFileType = text.plist.xml; path = Info.plist; sourceTree = "<group>"; };
		C35B25462103F96000FBEF53 /* KSURTests.xctest */ = {isa = PBXFileReference; explicitFileType = wrapper.cfbundle; includeInIndex = 0; path = KSURTests.xctest; sourceTree = BUILT_PRODUCTS_DIR; };
		C35B254A2103F96000FBEF53 /* KSURTests.swift */ = {isa = PBXFileReference; lastKnownFileType = sourcecode.swift; path = KSURTests.swift; sourceTree = "<group>"; };
		C35B254C2103F96000FBEF53 /* Info.plist */ = {isa = PBXFileReference; lastKnownFileType = text.plist.xml; path = Info.plist; sourceTree = "<group>"; };
		C35B25512103F96000FBEF53 /* KSURUITests.xctest */ = {isa = PBXFileReference; explicitFileType = wrapper.cfbundle; includeInIndex = 0; path = KSURUITests.xctest; sourceTree = BUILT_PRODUCTS_DIR; };
		C35B25552103F96000FBEF53 /* KSURUITests.swift */ = {isa = PBXFileReference; lastKnownFileType = sourcecode.swift; path = KSURUITests.swift; sourceTree = "<group>"; };
		C35B25572103F96000FBEF53 /* Info.plist */ = {isa = PBXFileReference; lastKnownFileType = text.plist.xml; path = Info.plist; sourceTree = "<group>"; };
		C35B25632103FDAE00FBEF53 /* TLViewController.swift */ = {isa = PBXFileReference; lastKnownFileType = sourcecode.swift; path = TLViewController.swift; sourceTree = "<group>"; };
		C35B25652103FE0300FBEF53 /* TLConfigurator.swift */ = {isa = PBXFileReference; lastKnownFileType = sourcecode.swift; path = TLConfigurator.swift; sourceTree = "<group>"; };
		C35B25682103FF1300FBEF53 /* TLPresenter.swift */ = {isa = PBXFileReference; lastKnownFileType = sourcecode.swift; path = TLPresenter.swift; sourceTree = "<group>"; };
		C38765BB210F447300987C25 /* TLTableView.swift */ = {isa = PBXFileReference; lastKnownFileType = sourcecode.swift; path = TLTableView.swift; sourceTree = "<group>"; };
		C38765BD210F44BE00987C25 /* TLCollectionView.swift */ = {isa = PBXFileReference; lastKnownFileType = sourcecode.swift; path = TLCollectionView.swift; sourceTree = "<group>"; };
		C39B330C2107360F0008370E /* Day.swift */ = {isa = PBXFileReference; lastKnownFileType = sourcecode.swift; path = Day.swift; sourceTree = "<group>"; };
		C39B330E2107399C0008370E /* DayConstructorService.swift */ = {isa = PBXFileReference; lastKnownFileType = sourcecode.swift; path = DayConstructorService.swift; sourceTree = "<group>"; };
		C39B331021073A290008370E /* Lesson.swift */ = {isa = PBXFileReference; lastKnownFileType = sourcecode.swift; path = Lesson.swift; sourceTree = "<group>"; };
		C39B331221073AB30008370E /* TLDayCollectionViewCell.swift */ = {isa = PBXFileReference; lastKnownFileType = sourcecode.swift; path = TLDayCollectionViewCell.swift; sourceTree = "<group>"; };
		C3A15EF52113AAAD0056C8BB /* TLView.swift */ = {isa = PBXFileReference; lastKnownFileType = sourcecode.swift; path = TLView.swift; sourceTree = "<group>"; };
		C3CEE447211911CA00CF6846 /* SwiftProtobuf.framework */ = {isa = PBXFileReference; lastKnownFileType = wrapper.framework; name = SwiftProtobuf.framework; path = Carthage/Build/iOS/SwiftProtobuf.framework; sourceTree = "<group>"; };
		C3CEE44A211912F900CF6846 /* APIService.swift */ = {isa = PBXFileReference; lastKnownFileType = sourcecode.swift; path = APIService.swift; sourceTree = "<group>"; };
		C3CEE44E21191DC000CF6846 /* DeserializerService.swift */ = {isa = PBXFileReference; lastKnownFileType = sourcecode.swift; path = DeserializerService.swift; sourceTree = "<group>"; };
		C3CFC3C72104015300A999A4 /* TLRouter.swift */ = {isa = PBXFileReference; lastKnownFileType = sourcecode.swift; path = TLRouter.swift; sourceTree = "<group>"; };
		C3CFC3C92104021100A999A4 /* TLInteractor.swift */ = {isa = PBXFileReference; lastKnownFileType = sourcecode.swift; path = TLInteractor.swift; sourceTree = "<group>"; };
		C3DFCAFB210A040800EAA5AF /* RenderedImageTableViewExtension.swift */ = {isa = PBXFileReference; lastKnownFileType = sourcecode.swift; path = RenderedImageTableViewExtension.swift; sourceTree = "<group>"; };
/* End PBXFileReference section */

/* Begin PBXFrameworksBuildPhase section */
		C35B252C2103F95F00FBEF53 /* Frameworks */ = {
			isa = PBXFrameworksBuildPhase;
			buildActionMask = 2147483647;
			files = (
				C3CEE448211911CA00CF6846 /* SwiftProtobuf.framework in Frameworks */,
			);
			runOnlyForDeploymentPostprocessing = 0;
		};
		C35B25432103F96000FBEF53 /* Frameworks */ = {
			isa = PBXFrameworksBuildPhase;
			buildActionMask = 2147483647;
			files = (
			);
			runOnlyForDeploymentPostprocessing = 0;
		};
		C35B254E2103F96000FBEF53 /* Frameworks */ = {
			isa = PBXFrameworksBuildPhase;
			buildActionMask = 2147483647;
			files = (
			);
			runOnlyForDeploymentPostprocessing = 0;
		};
/* End PBXFrameworksBuildPhase section */

/* Begin PBXGroup section */
		C32D93FB21068BBB0016114F /* Extensions */ = {
			isa = PBXGroup;
			children = (
				C32D93F921068BAD0016114F /* StringSizeExtension.swift */,
				C3DFCAFB210A040800EAA5AF /* RenderedImageTableViewExtension.swift */,
			);
			path = Extensions;
			sourceTree = "<group>";
		};
		C342493B2155D28300017684 /* Controller */ = {
			isa = PBXGroup;
			children = (
				C35B25632103FDAE00FBEF53 /* TLViewController.swift */,
				C3A15EF52113AAAD0056C8BB /* TLView.swift */,
				C34249352155CEDC00017684 /* TLRenderer.swift */,
				C34249372155D12B00017684 /* TLGesturer.swift */,
				C34249392155D1CE00017684 /* TLReloader.swift */,
				C38765BD210F44BE00987C25 /* TLCollectionView.swift */,
				C38765BB210F447300987C25 /* TLTableView.swift */,
			);
			path = Controller;
			sourceTree = "<group>";
		};
		C35B25262103F95F00FBEF53 = {
			isa = PBXGroup;
			children = (
				C35B25312103F95F00FBEF53 /* KSUR */,
				C35B25492103F96000FBEF53 /* KSURTests */,
				C35B25542103F96000FBEF53 /* KSURUITests */,
				C35B25302103F95F00FBEF53 /* Products */,
				C3CEE446211911CA00CF6846 /* Frameworks */,
			);
			sourceTree = "<group>";
		};
		C35B25302103F95F00FBEF53 /* Products */ = {
			isa = PBXGroup;
			children = (
				C35B252F2103F95F00FBEF53 /* KSUR.app */,
				C35B25462103F96000FBEF53 /* KSURTests.xctest */,
				C35B25512103F96000FBEF53 /* KSURUITests.xctest */,
			);
			name = Products;
			sourceTree = "<group>";
		};
		C35B25312103F95F00FBEF53 /* KSUR */ = {
			isa = PBXGroup;
			children = (
				C33DD5F521331A0500117FD6 /* main.pb.swift */,
				C35B25322103F95F00FBEF53 /* AppDelegate.swift */,
				C35B25362103F95F00FBEF53 /* Main.storyboard */,
				C35B253C2103F96000FBEF53 /* Assets.xcassets */,
				C35B253E2103F96000FBEF53 /* LaunchScreen.storyboard */,
				C35B25412103F96000FBEF53 /* Info.plist */,
				C35B25672103FEF500FBEF53 /* Timetable */,
				C32D93FB21068BBB0016114F /* Extensions */,
			);
			path = KSUR;
			sourceTree = "<group>";
		};
		C35B25492103F96000FBEF53 /* KSURTests */ = {
			isa = PBXGroup;
			children = (
				C35B254A2103F96000FBEF53 /* KSURTests.swift */,
				C35B254C2103F96000FBEF53 /* Info.plist */,
			);
			path = KSURTests;
			sourceTree = "<group>";
		};
		C35B25542103F96000FBEF53 /* KSURUITests */ = {
			isa = PBXGroup;
			children = (
				C35B25552103F96000FBEF53 /* KSURUITests.swift */,
				C35B25572103F96000FBEF53 /* Info.plist */,
			);
			path = KSURUITests;
			sourceTree = "<group>";
		};
		C35B25672103FEF500FBEF53 /* Timetable */ = {
			isa = PBXGroup;
			children = (
				C342493B2155D28300017684 /* Controller */,
				C35B25652103FE0300FBEF53 /* TLConfigurator.swift */,
				C35B25682103FF1300FBEF53 /* TLPresenter.swift */,
				C3CFC3C72104015300A999A4 /* TLRouter.swift */,
				C3CFC3C92104021100A999A4 /* TLInteractor.swift */,
				C36AC8A72107EF5D007991A5 /* Services */,
				C36AC8A82107EF70007991A5 /* Entities */,
			);
			path = Timetable;
			sourceTree = "<group>";
		};
		C36AC8A72107EF5D007991A5 /* Services */ = {
			isa = PBXGroup;
			children = (
				C32D93FE210693680016114F /* WeekConstructorService.swift */,
				C39B330E2107399C0008370E /* DayConstructorService.swift */,
				C3CEE44A211912F900CF6846 /* APIService.swift */,
				C3CEE44E21191DC000CF6846 /* DeserializerService.swift */,
			);
			path = Services;
			sourceTree = "<group>";
		};
		C36AC8A82107EF70007991A5 /* Entities */ = {
			isa = PBXGroup;
			children = (
				C32D93FC210690CC0016114F /* TLLessonTableViewCell.swift */,
				C39B331221073AB30008370E /* TLDayCollectionViewCell.swift */,
				C39B331021073A290008370E /* Lesson.swift */,
				C39B330C2107360F0008370E /* Day.swift */,
			);
			path = Entities;
			sourceTree = "<group>";
		};
		C3CEE446211911CA00CF6846 /* Frameworks */ = {
			isa = PBXGroup;
			children = (
				C3CEE447211911CA00CF6846 /* SwiftProtobuf.framework */,
			);
			name = Frameworks;
			sourceTree = "<group>";
		};
/* End PBXGroup section */

/* Begin PBXNativeTarget section */
		C35B252E2103F95F00FBEF53 /* KSUR */ = {
			isa = PBXNativeTarget;
			buildConfigurationList = C35B255A2103F96000FBEF53 /* Build configuration list for PBXNativeTarget "KSUR" */;
			buildPhases = (
				C35B252B2103F95F00FBEF53 /* Sources */,
				C35B252C2103F95F00FBEF53 /* Frameworks */,
				C35B252D2103F95F00FBEF53 /* Resources */,
				C3CEE449211911E800CF6846 /* ShellScript */,
			);
			buildRules = (
			);
			dependencies = (
			);
			name = KSUR;
			productName = KSUR;
			productReference = C35B252F2103F95F00FBEF53 /* KSUR.app */;
			productType = "com.apple.product-type.application";
		};
		C35B25452103F96000FBEF53 /* KSURTests */ = {
			isa = PBXNativeTarget;
			buildConfigurationList = C35B255D2103F96000FBEF53 /* Build configuration list for PBXNativeTarget "KSURTests" */;
			buildPhases = (
				C35B25422103F96000FBEF53 /* Sources */,
				C35B25432103F96000FBEF53 /* Frameworks */,
				C35B25442103F96000FBEF53 /* Resources */,
			);
			buildRules = (
			);
			dependencies = (
				C35B25482103F96000FBEF53 /* PBXTargetDependency */,
			);
			name = KSURTests;
			productName = KSURTests;
			productReference = C35B25462103F96000FBEF53 /* KSURTests.xctest */;
			productType = "com.apple.product-type.bundle.unit-test";
		};
		C35B25502103F96000FBEF53 /* KSURUITests */ = {
			isa = PBXNativeTarget;
			buildConfigurationList = C35B25602103F96000FBEF53 /* Build configuration list for PBXNativeTarget "KSURUITests" */;
			buildPhases = (
				C35B254D2103F96000FBEF53 /* Sources */,
				C35B254E2103F96000FBEF53 /* Frameworks */,
				C35B254F2103F96000FBEF53 /* Resources */,
			);
			buildRules = (
			);
			dependencies = (
				C35B25532103F96000FBEF53 /* PBXTargetDependency */,
			);
			name = KSURUITests;
			productName = KSURUITests;
			productReference = C35B25512103F96000FBEF53 /* KSURUITests.xctest */;
			productType = "com.apple.product-type.bundle.ui-testing";
		};
/* End PBXNativeTarget section */

/* Begin PBXProject section */
		C35B25272103F95F00FBEF53 /* Project object */ = {
			isa = PBXProject;
			attributes = {
				LastSwiftUpdateCheck = 0940;
				LastUpgradeCheck = 0940;
				ORGANIZATIONNAME = "Nikita Arutyunov";
				TargetAttributes = {
					C35B252E2103F95F00FBEF53 = {
						CreatedOnToolsVersion = 9.4.1;
						LastSwiftMigration = 1000;
					};
					C35B25452103F96000FBEF53 = {
						CreatedOnToolsVersion = 9.4.1;
						LastSwiftMigration = 1000;
						TestTargetID = C35B252E2103F95F00FBEF53;
					};
					C35B25502103F96000FBEF53 = {
						CreatedOnToolsVersion = 9.4.1;
						LastSwiftMigration = 1000;
						TestTargetID = C35B252E2103F95F00FBEF53;
					};
				};
			};
			buildConfigurationList = C35B252A2103F95F00FBEF53 /* Build configuration list for PBXProject "KSUR" */;
			compatibilityVersion = "Xcode 9.3";
			developmentRegion = en;
			hasScannedForEncodings = 0;
			knownRegions = (
				en,
				Base,
			);
			mainGroup = C35B25262103F95F00FBEF53;
			productRefGroup = C35B25302103F95F00FBEF53 /* Products */;
			projectDirPath = "";
			projectRoot = "";
			targets = (
				C35B252E2103F95F00FBEF53 /* KSUR */,
				C35B25452103F96000FBEF53 /* KSURTests */,
				C35B25502103F96000FBEF53 /* KSURUITests */,
			);
		};
/* End PBXProject section */

/* Begin PBXResourcesBuildPhase section */
		C35B252D2103F95F00FBEF53 /* Resources */ = {
			isa = PBXResourcesBuildPhase;
			buildActionMask = 2147483647;
			files = (
				C35B25402103F96000FBEF53 /* LaunchScreen.storyboard in Resources */,
				C35B253D2103F96000FBEF53 /* Assets.xcassets in Resources */,
				C35B25382103F95F00FBEF53 /* Main.storyboard in Resources */,
			);
			runOnlyForDeploymentPostprocessing = 0;
		};
		C35B25442103F96000FBEF53 /* Resources */ = {
			isa = PBXResourcesBuildPhase;
			buildActionMask = 2147483647;
			files = (
			);
			runOnlyForDeploymentPostprocessing = 0;
		};
		C35B254F2103F96000FBEF53 /* Resources */ = {
			isa = PBXResourcesBuildPhase;
			buildActionMask = 2147483647;
			files = (
			);
			runOnlyForDeploymentPostprocessing = 0;
		};
/* End PBXResourcesBuildPhase section */

/* Begin PBXShellScriptBuildPhase section */
		C3CEE449211911E800CF6846 /* ShellScript */ = {
			isa = PBXShellScriptBuildPhase;
			buildActionMask = 2147483647;
			files = (
			);
			inputFileListPaths = (
			);
			inputPaths = (
				"$(SRCROOT)/Carthage/Build/iOS/SwiftProtobuf.framework",
			);
			outputFileListPaths = (
			);
			outputPaths = (
				"$(BUILT_PRODUCTS_DIR)/$(FRAMEWORKS_FOLDER_PATH)/SwiftProtobuf.framework",
			);
			runOnlyForDeploymentPostprocessing = 0;
			shellPath = /bin/sh;
			shellScript = "/usr/local/bin/carthage copy-frameworks\n";
		};
/* End PBXShellScriptBuildPhase section */

/* Begin PBXSourcesBuildPhase section */
		C35B252B2103F95F00FBEF53 /* Sources */ = {
			isa = PBXSourcesBuildPhase;
			buildActionMask = 2147483647;
			files = (
				C32D93FA21068BAD0016114F /* StringSizeExtension.swift in Sources */,
				C32D93FF210693680016114F /* WeekConstructorService.swift in Sources */,
				C3CFC3C82104015300A999A4 /* TLRouter.swift in Sources */,
				C38765BE210F44BE00987C25 /* TLCollectionView.swift in Sources */,
				C35B25662103FE0300FBEF53 /* TLConfigurator.swift in Sources */,
				C342493A2155D1CE00017684 /* TLReloader.swift in Sources */,
				C35B25332103F95F00FBEF53 /* AppDelegate.swift in Sources */,
				C34249382155D12B00017684 /* TLGesturer.swift in Sources */,
				C3A15EF62113AAAD0056C8BB /* TLView.swift in Sources */,
				C3DFCAFC210A040800EAA5AF /* RenderedImageTableViewExtension.swift in Sources */,
				C3CFC3CA2104021100A999A4 /* TLInteractor.swift in Sources */,
				C39B330F2107399C0008370E /* DayConstructorService.swift in Sources */,
				C35B25692103FF1300FBEF53 /* TLPresenter.swift in Sources */,
				C3CEE44F21191DC000CF6846 /* DeserializerService.swift in Sources */,
				C35B25642103FDAE00FBEF53 /* TLViewController.swift in Sources */,
				C33DD5F621331A0500117FD6 /* main.pb.swift in Sources */,
				C34249362155CEDC00017684 /* TLRenderer.swift in Sources */,
				C39B331321073AB30008370E /* TLDayCollectionViewCell.swift in Sources */,
				C39B331121073A290008370E /* Lesson.swift in Sources */,
				C39B330D2107360F0008370E /* Day.swift in Sources */,
				C32D93FD210690CC0016114F /* TLLessonTableViewCell.swift in Sources */,
				C3CEE44B211912F900CF6846 /* APIService.swift in Sources */,
				C38765BC210F447300987C25 /* TLTableView.swift in Sources */,
			);
			runOnlyForDeploymentPostprocessing = 0;
		};
		C35B25422103F96000FBEF53 /* Sources */ = {
			isa = PBXSourcesBuildPhase;
			buildActionMask = 2147483647;
			files = (
				C35B254B2103F96000FBEF53 /* KSURTests.swift in Sources */,
			);
			runOnlyForDeploymentPostprocessing = 0;
		};
		C35B254D2103F96000FBEF53 /* Sources */ = {
			isa = PBXSourcesBuildPhase;
			buildActionMask = 2147483647;
			files = (
				C35B25562103F96000FBEF53 /* KSURUITests.swift in Sources */,
			);
			runOnlyForDeploymentPostprocessing = 0;
		};
/* End PBXSourcesBuildPhase section */

/* Begin PBXTargetDependency section */
		C35B25482103F96000FBEF53 /* PBXTargetDependency */ = {
			isa = PBXTargetDependency;
			target = C35B252E2103F95F00FBEF53 /* KSUR */;
			targetProxy = C35B25472103F96000FBEF53 /* PBXContainerItemProxy */;
		};
		C35B25532103F96000FBEF53 /* PBXTargetDependency */ = {
			isa = PBXTargetDependency;
			target = C35B252E2103F95F00FBEF53 /* KSUR */;
			targetProxy = C35B25522103F96000FBEF53 /* PBXContainerItemProxy */;
		};
/* End PBXTargetDependency section */

/* Begin PBXVariantGroup section */
		C35B25362103F95F00FBEF53 /* Main.storyboard */ = {
			isa = PBXVariantGroup;
			children = (
				C35B25372103F95F00FBEF53 /* Base */,
			);
			name = Main.storyboard;
			sourceTree = "<group>";
		};
		C35B253E2103F96000FBEF53 /* LaunchScreen.storyboard */ = {
			isa = PBXVariantGroup;
			children = (
				C35B253F2103F96000FBEF53 /* Base */,
			);
			name = LaunchScreen.storyboard;
			sourceTree = "<group>";
		};
/* End PBXVariantGroup section */

/* Begin XCBuildConfiguration section */
		C35B25582103F96000FBEF53 /* Debug */ = {
			isa = XCBuildConfiguration;
			buildSettings = {
				ALWAYS_SEARCH_USER_PATHS = NO;
				CLANG_ANALYZER_NONNULL = YES;
				CLANG_ANALYZER_NUMBER_OBJECT_CONVERSION = YES_AGGRESSIVE;
				CLANG_CXX_LANGUAGE_STANDARD = "gnu++14";
				CLANG_CXX_LIBRARY = "libc++";
				CLANG_ENABLE_MODULES = YES;
				CLANG_ENABLE_OBJC_ARC = YES;
				CLANG_ENABLE_OBJC_WEAK = YES;
				CLANG_WARN_BLOCK_CAPTURE_AUTORELEASING = YES;
				CLANG_WARN_BOOL_CONVERSION = YES;
				CLANG_WARN_COMMA = YES;
				CLANG_WARN_CONSTANT_CONVERSION = YES;
				CLANG_WARN_DEPRECATED_OBJC_IMPLEMENTATIONS = YES;
				CLANG_WARN_DIRECT_OBJC_ISA_USAGE = YES_ERROR;
				CLANG_WARN_DOCUMENTATION_COMMENTS = YES;
				CLANG_WARN_EMPTY_BODY = YES;
				CLANG_WARN_ENUM_CONVERSION = YES;
				CLANG_WARN_INFINITE_RECURSION = YES;
				CLANG_WARN_INT_CONVERSION = YES;
				CLANG_WARN_NON_LITERAL_NULL_CONVERSION = YES;
				CLANG_WARN_OBJC_IMPLICIT_RETAIN_SELF = YES;
				CLANG_WARN_OBJC_LITERAL_CONVERSION = YES;
				CLANG_WARN_OBJC_ROOT_CLASS = YES_ERROR;
				CLANG_WARN_RANGE_LOOP_ANALYSIS = YES;
				CLANG_WARN_STRICT_PROTOTYPES = YES;
				CLANG_WARN_SUSPICIOUS_MOVE = YES;
				CLANG_WARN_UNGUARDED_AVAILABILITY = YES_AGGRESSIVE;
				CLANG_WARN_UNREACHABLE_CODE = YES;
				CLANG_WARN__DUPLICATE_METHOD_MATCH = YES;
				CODE_SIGN_IDENTITY = "iPhone Developer";
				COPY_PHASE_STRIP = NO;
				DEBUG_INFORMATION_FORMAT = dwarf;
				ENABLE_STRICT_OBJC_MSGSEND = YES;
				ENABLE_TESTABILITY = YES;
				GCC_C_LANGUAGE_STANDARD = gnu11;
				GCC_DYNAMIC_NO_PIC = NO;
				GCC_NO_COMMON_BLOCKS = YES;
				GCC_OPTIMIZATION_LEVEL = 0;
				GCC_PREPROCESSOR_DEFINITIONS = (
					"DEBUG=1",
					"$(inherited)",
				);
				GCC_WARN_64_TO_32_BIT_CONVERSION = YES;
				GCC_WARN_ABOUT_RETURN_TYPE = YES_ERROR;
				GCC_WARN_UNDECLARED_SELECTOR = YES;
				GCC_WARN_UNINITIALIZED_AUTOS = YES_AGGRESSIVE;
				GCC_WARN_UNUSED_FUNCTION = YES;
				GCC_WARN_UNUSED_VARIABLE = YES;
				IPHONEOS_DEPLOYMENT_TARGET = 11.4;
				MTL_ENABLE_DEBUG_INFO = YES;
				ONLY_ACTIVE_ARCH = YES;
				SDKROOT = iphoneos;
				SWIFT_ACTIVE_COMPILATION_CONDITIONS = DEBUG;
				SWIFT_OPTIMIZATION_LEVEL = "-Onone";
			};
			name = Debug;
		};
		C35B25592103F96000FBEF53 /* Release */ = {
			isa = XCBuildConfiguration;
			buildSettings = {
				ALWAYS_SEARCH_USER_PATHS = NO;
				CLANG_ANALYZER_NONNULL = YES;
				CLANG_ANALYZER_NUMBER_OBJECT_CONVERSION = YES_AGGRESSIVE;
				CLANG_CXX_LANGUAGE_STANDARD = "gnu++14";
				CLANG_CXX_LIBRARY = "libc++";
				CLANG_ENABLE_MODULES = YES;
				CLANG_ENABLE_OBJC_ARC = YES;
				CLANG_ENABLE_OBJC_WEAK = YES;
				CLANG_WARN_BLOCK_CAPTURE_AUTORELEASING = YES;
				CLANG_WARN_BOOL_CONVERSION = YES;
				CLANG_WARN_COMMA = YES;
				CLANG_WARN_CONSTANT_CONVERSION = YES;
				CLANG_WARN_DEPRECATED_OBJC_IMPLEMENTATIONS = YES;
				CLANG_WARN_DIRECT_OBJC_ISA_USAGE = YES_ERROR;
				CLANG_WARN_DOCUMENTATION_COMMENTS = YES;
				CLANG_WARN_EMPTY_BODY = YES;
				CLANG_WARN_ENUM_CONVERSION = YES;
				CLANG_WARN_INFINITE_RECURSION = YES;
				CLANG_WARN_INT_CONVERSION = YES;
				CLANG_WARN_NON_LITERAL_NULL_CONVERSION = YES;
				CLANG_WARN_OBJC_IMPLICIT_RETAIN_SELF = YES;
				CLANG_WARN_OBJC_LITERAL_CONVERSION = YES;
				CLANG_WARN_OBJC_ROOT_CLASS = YES_ERROR;
				CLANG_WARN_RANGE_LOOP_ANALYSIS = YES;
				CLANG_WARN_STRICT_PROTOTYPES = YES;
				CLANG_WARN_SUSPICIOUS_MOVE = YES;
				CLANG_WARN_UNGUARDED_AVAILABILITY = YES_AGGRESSIVE;
				CLANG_WARN_UNREACHABLE_CODE = YES;
				CLANG_WARN__DUPLICATE_METHOD_MATCH = YES;
				CODE_SIGN_IDENTITY = "iPhone Developer";
				COPY_PHASE_STRIP = NO;
				DEBUG_INFORMATION_FORMAT = "dwarf-with-dsym";
				ENABLE_NS_ASSERTIONS = NO;
				ENABLE_STRICT_OBJC_MSGSEND = YES;
				GCC_C_LANGUAGE_STANDARD = gnu11;
				GCC_NO_COMMON_BLOCKS = YES;
				GCC_WARN_64_TO_32_BIT_CONVERSION = YES;
				GCC_WARN_ABOUT_RETURN_TYPE = YES_ERROR;
				GCC_WARN_UNDECLARED_SELECTOR = YES;
				GCC_WARN_UNINITIALIZED_AUTOS = YES_AGGRESSIVE;
				GCC_WARN_UNUSED_FUNCTION = YES;
				GCC_WARN_UNUSED_VARIABLE = YES;
				IPHONEOS_DEPLOYMENT_TARGET = 11.4;
				MTL_ENABLE_DEBUG_INFO = NO;
				SDKROOT = iphoneos;
				SWIFT_COMPILATION_MODE = wholemodule;
				SWIFT_OPTIMIZATION_LEVEL = "-O";
				VALIDATE_PRODUCT = YES;
			};
			name = Release;
		};
		C35B255B2103F96000FBEF53 /* Debug */ = {
			isa = XCBuildConfiguration;
			buildSettings = {
				ASSETCATALOG_COMPILER_APPICON_NAME = AppIcon;
				CODE_SIGN_STYLE = Automatic;
				DEVELOPMENT_TEAM = Y7BEBZQYA6;
				FRAMEWORK_SEARCH_PATHS = (
					"$(inherited)",
					"$(PROJECT_DIR)/Carthage/Build/iOS",
				);
				"FRAMEWORK_SEARCH_PATHS[arch=*]" = (
					"$(inherited)",
					"$(SRCROOT)",
				);
				INFOPLIST_FILE = KSUR/Info.plist;
				LD_RUNPATH_SEARCH_PATHS = (
					"$(inherited)",
					"@executable_path/Frameworks",
				);
				"OTHER_LDFLAGS[arch=*]" = "";
				PRODUCT_BUNDLE_IDENTIFIER = com.nickaroot.ksur;
				PRODUCT_NAME = "$(TARGET_NAME)";
				SWIFT_VERSION = 4.2;
				TARGETED_DEVICE_FAMILY = 1;
			};
			name = Debug;
		};
		C35B255C2103F96000FBEF53 /* Release */ = {
			isa = XCBuildConfiguration;
			buildSettings = {
				ASSETCATALOG_COMPILER_APPICON_NAME = AppIcon;
				CODE_SIGN_STYLE = Automatic;
				DEVELOPMENT_TEAM = Y7BEBZQYA6;
				FRAMEWORK_SEARCH_PATHS = (
					"$(inherited)",
					"$(PROJECT_DIR)/Carthage/Build/iOS",
				);
				INFOPLIST_FILE = KSUR/Info.plist;
				LD_RUNPATH_SEARCH_PATHS = (
					"$(inherited)",
					"@executable_path/Frameworks",
				);
				PRODUCT_BUNDLE_IDENTIFIER = com.nickaroot.ksur;
				PRODUCT_NAME = "$(TARGET_NAME)";
				SWIFT_VERSION = 4.2;
				TARGETED_DEVICE_FAMILY = 1;
			};
			name = Release;
		};
		C35B255E2103F96000FBEF53 /* Debug */ = {
			isa = XCBuildConfiguration;
			buildSettings = {
				ALWAYS_EMBED_SWIFT_STANDARD_LIBRARIES = YES;
				BUNDLE_LOADER = "$(TEST_HOST)";
				CODE_SIGN_STYLE = Automatic;
				DEVELOPMENT_TEAM = Y7BEBZQYA6;
				INFOPLIST_FILE = KSURTests/Info.plist;
				LD_RUNPATH_SEARCH_PATHS = (
					"$(inherited)",
					"@executable_path/Frameworks",
					"@loader_path/Frameworks",
				);
				PRODUCT_BUNDLE_IDENTIFIER = com.nickaroot.KSURTests;
				PRODUCT_NAME = "$(TARGET_NAME)";
				SWIFT_VERSION = 4.2;
				TARGETED_DEVICE_FAMILY = "1,2";
				TEST_HOST = "$(BUILT_PRODUCTS_DIR)/KSUR.app/KSUR";
			};
			name = Debug;
		};
		C35B255F2103F96000FBEF53 /* Release */ = {
			isa = XCBuildConfiguration;
			buildSettings = {
				ALWAYS_EMBED_SWIFT_STANDARD_LIBRARIES = YES;
				BUNDLE_LOADER = "$(TEST_HOST)";
				CODE_SIGN_STYLE = Automatic;
				DEVELOPMENT_TEAM = Y7BEBZQYA6;
				INFOPLIST_FILE = KSURTests/Info.plist;
				LD_RUNPATH_SEARCH_PATHS = (
					"$(inherited)",
					"@executable_path/Frameworks",
					"@loader_path/Frameworks",
				);
				PRODUCT_BUNDLE_IDENTIFIER = com.nickaroot.KSURTests;
				PRODUCT_NAME = "$(TARGET_NAME)";
				SWIFT_VERSION = 4.2;
				TARGETED_DEVICE_FAMILY = "1,2";
				TEST_HOST = "$(BUILT_PRODUCTS_DIR)/KSUR.app/KSUR";
			};
			name = Release;
		};
		C35B25612103F96000FBEF53 /* Debug */ = {
			isa = XCBuildConfiguration;
			buildSettings = {
				ALWAYS_EMBED_SWIFT_STANDARD_LIBRARIES = YES;
				CODE_SIGN_STYLE = Automatic;
				DEVELOPMENT_TEAM = Y7BEBZQYA6;
				INFOPLIST_FILE = KSURUITests/Info.plist;
				LD_RUNPATH_SEARCH_PATHS = (
					"$(inherited)",
					"@executable_path/Frameworks",
					"@loader_path/Frameworks",
				);
				PRODUCT_BUNDLE_IDENTIFIER = com.nickaroot.KSURUITests;
				PRODUCT_NAME = "$(TARGET_NAME)";
				SWIFT_VERSION = 4.2;
				TARGETED_DEVICE_FAMILY = "1,2";
				TEST_TARGET_NAME = KSUR;
			};
			name = Debug;
		};
		C35B25622103F96000FBEF53 /* Release */ = {
			isa = XCBuildConfiguration;
			buildSettings = {
				ALWAYS_EMBED_SWIFT_STANDARD_LIBRARIES = YES;
				CODE_SIGN_STYLE = Automatic;
				DEVELOPMENT_TEAM = Y7BEBZQYA6;
				INFOPLIST_FILE = KSURUITests/Info.plist;
				LD_RUNPATH_SEARCH_PATHS = (
					"$(inherited)",
					"@executable_path/Frameworks",
					"@loader_path/Frameworks",
				);
				PRODUCT_BUNDLE_IDENTIFIER = com.nickaroot.KSURUITests;
				PRODUCT_NAME = "$(TARGET_NAME)";
				SWIFT_VERSION = 4.2;
				TARGETED_DEVICE_FAMILY = "1,2";
				TEST_TARGET_NAME = KSUR;
			};
			name = Release;
		};
/* End XCBuildConfiguration section */

/* Begin XCConfigurationList section */
		C35B252A2103F95F00FBEF53 /* Build configuration list for PBXProject "KSUR" */ = {
			isa = XCConfigurationList;
			buildConfigurations = (
				C35B25582103F96000FBEF53 /* Debug */,
				C35B25592103F96000FBEF53 /* Release */,
			);
			defaultConfigurationIsVisible = 0;
			defaultConfigurationName = Release;
		};
		C35B255A2103F96000FBEF53 /* Build configuration list for PBXNativeTarget "KSUR" */ = {
			isa = XCConfigurationList;
			buildConfigurations = (
				C35B255B2103F96000FBEF53 /* Debug */,
				C35B255C2103F96000FBEF53 /* Release */,
			);
			defaultConfigurationIsVisible = 0;
			defaultConfigurationName = Release;
		};
		C35B255D2103F96000FBEF53 /* Build configuration list for PBXNativeTarget "KSURTests" */ = {
			isa = XCConfigurationList;
			buildConfigurations = (
				C35B255E2103F96000FBEF53 /* Debug */,
				C35B255F2103F96000FBEF53 /* Release */,
			);
			defaultConfigurationIsVisible = 0;
			defaultConfigurationName = Release;
		};
		C35B25602103F96000FBEF53 /* Build configuration list for PBXNativeTarget "KSURUITests" */ = {
			isa = XCConfigurationList;
			buildConfigurations = (
				C35B25612103F96000FBEF53 /* Debug */,
				C35B25622103F96000FBEF53 /* Release */,
			);
			defaultConfigurationIsVisible = 0;
			defaultConfigurationName = Release;
		};
/* End XCConfigurationList section */
	};
	rootObject = C35B25272103F95F00FBEF53 /* Project object */;
}
